// !$*UTF8*$!
{
	archiveVersion = 1;
	classes = {
	};
	objectVersion = 46;
	objects = {

/* Begin PBXBuildFile section */
		047F1D5E1A52561A00C3A3D9 /* main.m in Sources */ = {isa = PBXBuildFile; fileRef = 047F1D5D1A52561A00C3A3D9 /* main.m */; };
		047F1D611A52561A00C3A3D9 /* AppDelegate.m in Sources */ = {isa = PBXBuildFile; fileRef = 047F1D601A52561A00C3A3D9 /* AppDelegate.m */; };
		047F1D631A52561A00C3A3D9 /* Images.xcassets in Resources */ = {isa = PBXBuildFile; fileRef = 047F1D621A52561A00C3A3D9 /* Images.xcassets */; };
		047F1D661A52561A00C3A3D9 /* LaunchScreen.xib in Resources */ = {isa = PBXBuildFile; fileRef = 047F1D641A52561A00C3A3D9 /* LaunchScreen.xib */; };
		047F1D721A52561A00C3A3D9 /* TabTests.m in Sources */ = {isa = PBXBuildFile; fileRef = 047F1D711A52561A00C3A3D9 /* TabTests.m */; };
		047F1D7D1A52563600C3A3D9 /* RootViewController.m in Sources */ = {isa = PBXBuildFile; fileRef = 047F1D7B1A52563600C3A3D9 /* RootViewController.m */; };
		047F1D831A52564A00C3A3D9 /* RootTableViewCell.m in Sources */ = {isa = PBXBuildFile; fileRef = 047F1D7F1A52564A00C3A3D9 /* RootTableViewCell.m */; };
		047F1D861A52566700C3A3D9 /* RootTableView.m in Sources */ = {isa = PBXBuildFile; fileRef = 047F1D841A52566700C3A3D9 /* RootTableView.m */; };
/* End PBXBuildFile section */

/* Begin PBXContainerItemProxy section */
		047F1D6C1A52561A00C3A3D9 /* PBXContainerItemProxy */ = {
			isa = PBXContainerItemProxy;
			containerPortal = 047F1D501A52561A00C3A3D9 /* Project object */;
			proxyType = 1;
			remoteGlobalIDString = 047F1D571A52561A00C3A3D9;
			remoteInfo = Tab;
		};
/* End PBXContainerItemProxy section */

/* Begin PBXFileReference section */
		047F1D581A52561A00C3A3D9 /* Tab.app */ = {isa = PBXFileReference; explicitFileType = wrapper.application; includeInIndex = 0; path = Tab.app; sourceTree = BUILT_PRODUCTS_DIR; };
		047F1D5C1A52561A00C3A3D9 /* Info.plist */ = {isa = PBXFileReference; lastKnownFileType = text.plist.xml; path = Info.plist; sourceTree = "<group>"; };
		047F1D5D1A52561A00C3A3D9 /* main.m */ = {isa = PBXFileReference; lastKnownFileType = sourcecode.c.objc; path = main.m; sourceTree = "<group>"; };
		047F1D5F1A52561A00C3A3D9 /* AppDelegate.h */ = {isa = PBXFileReference; lastKnownFileType = sourcecode.c.h; path = AppDelegate.h; sourceTree = "<group>"; };
		047F1D601A52561A00C3A3D9 /* AppDelegate.m */ = {isa = PBXFileReference; lastKnownFileType = sourcecode.c.objc; path = AppDelegate.m; sourceTree = "<group>"; };
		047F1D621A52561A00C3A3D9 /* Images.xcassets */ = {isa = PBXFileReference; lastKnownFileType = folder.assetcatalog; path = Images.xcassets; sourceTree = "<group>"; };
		047F1D651A52561A00C3A3D9 /* Base */ = {isa = PBXFileReference; lastKnownFileType = file.xib; name = Base; path = Base.lproj/LaunchScreen.xib; sourceTree = "<group>"; };
		047F1D6B1A52561A00C3A3D9 /* TabTests.xctest */ = {isa = PBXFileReference; explicitFileType = wrapper.cfbundle; includeInIndex = 0; path = TabTests.xctest; sourceTree = BUILT_PRODUCTS_DIR; };
		047F1D701A52561A00C3A3D9 /* Info.plist */ = {isa = PBXFileReference; lastKnownFileType = text.plist.xml; path = Info.plist; sourceTree = "<group>"; };
		047F1D711A52561A00C3A3D9 /* TabTests.m */ = {isa = PBXFileReference; lastKnownFileType = sourcecode.c.objc; path = TabTests.m; sourceTree = "<group>"; };
		047F1D7B1A52563600C3A3D9 /* RootViewController.m */ = {isa = PBXFileReference; fileEncoding = 4; lastKnownFileType = sourcecode.c.objc; path = RootViewController.m; sourceTree = "<group>"; };
		047F1D7C1A52563600C3A3D9 /* RootViewController.h */ = {isa = PBXFileReference; fileEncoding = 4; lastKnownFileType = sourcecode.c.h; path = RootViewController.h; sourceTree = "<group>"; };
		047F1D7F1A52564A00C3A3D9 /* RootTableViewCell.m */ = {isa = PBXFileReference; fileEncoding = 4; lastKnownFileType = sourcecode.c.objc; path = RootTableViewCell.m; sourceTree = "<group>"; };
		047F1D811A52564A00C3A3D9 /* RootTableViewCell.h */ = {isa = PBXFileReference; fileEncoding = 4; lastKnownFileType = sourcecode.c.h; path = RootTableViewCell.h; sourceTree = "<group>"; };
		047F1D841A52566700C3A3D9 /* RootTableView.m */ = {isa = PBXFileReference; fileEncoding = 4; lastKnownFileType = sourcecode.c.objc; path = RootTableView.m; sourceTree = "<group>"; };
		047F1D851A52566700C3A3D9 /* RootTableView.h */ = {isa = PBXFileReference; fileEncoding = 4; lastKnownFileType = sourcecode.c.h; path = RootTableView.h; sourceTree = "<group>"; };
		047F1D871A52A38A00C3A3D9 /* PrefixHeader.pch */ = {isa = PBXFileReference; fileEncoding = 4; lastKnownFileType = sourcecode.c.h; path = PrefixHeader.pch; sourceTree = "<group>"; };
/* End PBXFileReference section */

/* Begin PBXFrameworksBuildPhase section */
		047F1D551A52561A00C3A3D9 /* Frameworks */ = {
			isa = PBXFrameworksBuildPhase;
			buildActionMask = 2147483647;
			files = (
			);
			runOnlyForDeploymentPostprocessing = 0;
		};
		047F1D681A52561A00C3A3D9 /* Frameworks */ = {
			isa = PBXFrameworksBuildPhase;
			buildActionMask = 2147483647;
			files = (
			);
			runOnlyForDeploymentPostprocessing = 0;
		};
/* End PBXFrameworksBuildPhase section */

/* Begin PBXGroup section */
		047F1D4F1A52561A00C3A3D9 = {
			isa = PBXGroup;
			children = (
				047F1D5A1A52561A00C3A3D9 /* Tab */,
				047F1D6E1A52561A00C3A3D9 /* TabTests */,
				047F1D591A52561A00C3A3D9 /* Products */,
			);
			sourceTree = "<group>";
		};
		047F1D591A52561A00C3A3D9 /* Products */ = {
			isa = PBXGroup;
			children = (
				047F1D581A52561A00C3A3D9 /* Tab.app */,
				047F1D6B1A52561A00C3A3D9 /* TabTests.xctest */,
			);
			name = Products;
			sourceTree = "<group>";
		};
		047F1D5A1A52561A00C3A3D9 /* Tab */ = {
			isa = PBXGroup;
			children = (
				047F1D5F1A52561A00C3A3D9 /* AppDelegate.h */,
				047F1D601A52561A00C3A3D9 /* AppDelegate.m */,
				047F1D841A52566700C3A3D9 /* RootTableView.m */,
				047F1D851A52566700C3A3D9 /* RootTableView.h */,
				047F1D7C1A52563600C3A3D9 /* RootViewController.h */,
				047F1D7B1A52563600C3A3D9 /* RootViewController.m */,
				047F1D811A52564A00C3A3D9 /* RootTableViewCell.h */,
				047F1D7F1A52564A00C3A3D9 /* RootTableViewCell.m */,
				047F1D621A52561A00C3A3D9 /* Images.xcassets */,
				047F1D641A52561A00C3A3D9 /* LaunchScreen.xib */,
				047F1D5B1A52561A00C3A3D9 /* Supporting Files */,
			);
			path = Tab;
			sourceTree = "<group>";
		};
		047F1D5B1A52561A00C3A3D9 /* Supporting Files */ = {
			isa = PBXGroup;
			children = (
				047F1D5C1A52561A00C3A3D9 /* Info.plist */,
				047F1D5D1A52561A00C3A3D9 /* main.m */,
				047F1D871A52A38A00C3A3D9 /* PrefixHeader.pch */,
			);
			name = "Supporting Files";
			sourceTree = "<group>";
		};
		047F1D6E1A52561A00C3A3D9 /* TabTests */ = {
			isa = PBXGroup;
			children = (
				047F1D711A52561A00C3A3D9 /* TabTests.m */,
				047F1D6F1A52561A00C3A3D9 /* Supporting Files */,
			);
			path = TabTests;
			sourceTree = "<group>";
		};
		047F1D6F1A52561A00C3A3D9 /* Supporting Files */ = {
			isa = PBXGroup;
			children = (
				047F1D701A52561A00C3A3D9 /* Info.plist */,
			);
			name = "Supporting Files";
			sourceTree = "<group>";
		};
/* End PBXGroup section */

/* Begin PBXNativeTarget section */
		047F1D571A52561A00C3A3D9 /* Tab */ = {
			isa = PBXNativeTarget;
			buildConfigurationList = 047F1D751A52561A00C3A3D9 /* Build configuration list for PBXNativeTarget "Tab" */;
			buildPhases = (
				047F1D541A52561A00C3A3D9 /* Sources */,
				047F1D551A52561A00C3A3D9 /* Frameworks */,
				047F1D561A52561A00C3A3D9 /* Resources */,
			);
			buildRules = (
			);
			dependencies = (
			);
			name = Tab;
			productName = Tab;
			productReference = 047F1D581A52561A00C3A3D9 /* Tab.app */;
			productType = "com.apple.product-type.application";
		};
		047F1D6A1A52561A00C3A3D9 /* TabTests */ = {
			isa = PBXNativeTarget;
			buildConfigurationList = 047F1D781A52561A00C3A3D9 /* Build configuration list for PBXNativeTarget "TabTests" */;
			buildPhases = (
				047F1D671A52561A00C3A3D9 /* Sources */,
				047F1D681A52561A00C3A3D9 /* Frameworks */,
				047F1D691A52561A00C3A3D9 /* Resources */,
			);
			buildRules = (
			);
			dependencies = (
				047F1D6D1A52561A00C3A3D9 /* PBXTargetDependency */,
			);
			name = TabTests;
			productName = TabTests;
			productReference = 047F1D6B1A52561A00C3A3D9 /* TabTests.xctest */;
			productType = "com.apple.product-type.bundle.unit-test";
		};
/* End PBXNativeTarget section */

/* Begin PBXProject section */
		047F1D501A52561A00C3A3D9 /* Project object */ = {
			isa = PBXProject;
			attributes = {
				LastUpgradeCheck = 0610;
				ORGANIZATIONNAME = Mac;
				TargetAttributes = {
					047F1D571A52561A00C3A3D9 = {
						CreatedOnToolsVersion = 6.1;
					};
					047F1D6A1A52561A00C3A3D9 = {
						CreatedOnToolsVersion = 6.1;
						TestTargetID = 047F1D571A52561A00C3A3D9;
					};
				};
			};
			buildConfigurationList = 047F1D531A52561A00C3A3D9 /* Build configuration list for PBXProject "Tab" */;
			compatibilityVersion = "Xcode 3.2";
			developmentRegion = English;
			hasScannedForEncodings = 0;
			knownRegions = (
				en,
				Base,
			);
			mainGroup = 047F1D4F1A52561A00C3A3D9;
			productRefGroup = 047F1D591A52561A00C3A3D9 /* Products */;
			projectDirPath = "";
			projectRoot = "";
			targets = (
				047F1D571A52561A00C3A3D9 /* Tab */,
				047F1D6A1A52561A00C3A3D9 /* TabTests */,
			);
		};
/* End PBXProject section */

/* Begin PBXResourcesBuildPhase section */
		047F1D561A52561A00C3A3D9 /* Resources */ = {
			isa = PBXResourcesBuildPhase;
			buildActionMask = 2147483647;
			files = (
				047F1D661A52561A00C3A3D9 /* LaunchScreen.xib in Resources */,
				047F1D631A52561A00C3A3D9 /* Images.xcassets in Resources */,
			);
			runOnlyForDeploymentPostprocessing = 0;
		};
		047F1D691A52561A00C3A3D9 /* Resources */ = {
			isa = PBXResourcesBuildPhase;
			buildActionMask = 2147483647;
			files = (
			);
			runOnlyForDeploymentPostprocessing = 0;
		};
/* End PBXResourcesBuildPhase section */

/* Begin PBXSourcesBuildPhase section */
		047F1D541A52561A00C3A3D9 /* Sources */ = {
			isa = PBXSourcesBuildPhase;
			buildActionMask = 2147483647;
			files = (
				047F1D611A52561A00C3A3D9 /* AppDelegate.m in Sources */,
				047F1D5E1A52561A00C3A3D9 /* main.m in Sources */,
				047F1D7D1A52563600C3A3D9 /* RootViewController.m in Sources */,
				047F1D831A52564A00C3A3D9 /* RootTableViewCell.m in Sources */,
				047F1D861A52566700C3A3D9 /* RootTableView.m in Sources */,
			);
			runOnlyForDeploymentPostprocessing = 0;
		};
		047F1D671A52561A00C3A3D9 /* Sources */ = {
			isa = PBXSourcesBuildPhase;
			buildActionMask = 2147483647;
			files = (
				047F1D721A52561A00C3A3D9 /* TabTests.m in Sources */,
			);
			runOnlyForDeploymentPostprocessing = 0;
		};
/* End PBXSourcesBuildPhase section */

/* Begin PBXTargetDependency section */
		047F1D6D1A52561A00C3A3D9 /* PBXTargetDependency */ = {
			isa = PBXTargetDependency;
			target = 047F1D571A52561A00C3A3D9 /* Tab */;
			targetProxy = 047F1D6C1A52561A00C3A3D9 /* PBXContainerItemProxy */;
		};
/* End PBXTargetDependency section */

/* Begin PBXVariantGroup section */
		047F1D641A52561A00C3A3D9 /* LaunchScreen.xib */ = {
			isa = PBXVariantGroup;
			children = (
				047F1D651A52561A00C3A3D9 /* Base */,
			);
			name = LaunchScreen.xib;
			sourceTree = "<group>";
		};
/* End PBXVariantGroup section */

/* Begin XCBuildConfiguration section */
		047F1D731A52561A00C3A3D9 /* Debug */ = {
			isa = XCBuildConfiguration;
			buildSettings = {
				ALWAYS_SEARCH_USER_PATHS = NO;
				CLANG_CXX_LANGUAGE_STANDARD = "gnu++0x";
				CLANG_CXX_LIBRARY = "libc++";
				CLANG_ENABLE_MODULES = YES;
				CLANG_ENABLE_OBJC_ARC = YES;
				CLANG_WARN_BOOL_CONVERSION = YES;
				CLANG_WARN_CONSTANT_CONVERSION = YES;
				CLANG_WARN_DIRECT_OBJC_ISA_USAGE = YES_ERROR;
				CLANG_WARN_EMPTY_BODY = YES;
				CLANG_WARN_ENUM_CONVERSION = YES;
				CLANG_WARN_INT_CONVERSION = YES;
				CLANG_WARN_OBJC_ROOT_CLASS = YES_ERROR;
				CLANG_WARN_UNREACHABLE_CODE = YES;
				CLANG_WARN__DUPLICATE_METHOD_MATCH = YES;
				"CODE_SIGN_IDENTITY[sdk=iphoneos*]" = "iPhone Developer";
				COPY_PHASE_STRIP = NO;
				ENABLE_STRICT_OBJC_MSGSEND = YES;
				GCC_C_LANGUAGE_STANDARD = gnu99;
				GCC_DYNAMIC_NO_PIC = NO;
				GCC_OPTIMIZATION_LEVEL = 0;
				GCC_PREPROCESSOR_DEFINITIONS = (
					"DEBUG=1",
					"$(inherited)",
				);
				GCC_SYMBOLS_PRIVATE_EXTERN = NO;
				GCC_WARN_64_TO_32_BIT_CONVERSION = YES;
				GCC_WARN_ABOUT_RETURN_TYPE = YES_ERROR;
				GCC_WARN_UNDECLARED_SELECTOR = YES;
				GCC_WARN_UNINITIALIZED_AUTOS = YES_AGGRESSIVE;
				GCC_WARN_UNUSED_FUNCTION = YES;
				GCC_WARN_UNUSED_VARIABLE = YES;
				IPHONEOS_DEPLOYMENT_TARGET = 8.1;
				MTL_ENABLE_DEBUG_INFO = YES;
				ONLY_ACTIVE_ARCH = YES;
				SDKROOT = iphoneos;
				TARGETED_DEVICE_FAMILY = "1,2";
			};
			name = Debug;
		};
		047F1D741A52561A00C3A3D9 /* Release */ = {
			isa = XCBuildConfiguration;
			buildSettings = {
				ALWAYS_SEARCH_USER_PATHS = NO;
				CLANG_CXX_LANGUAGE_STANDARD = "gnu++0x";
				CLANG_CXX_LIBRARY = "libc++";
				CLANG_ENABLE_MODULES = YES;
				CLANG_ENABLE_OBJC_ARC = YES;
				CLANG_WARN_BOOL_CONVERSION = YES;
				CLANG_WARN_CONSTANT_CONVERSION = YES;
				CLANG_WARN_DIRECT_OBJC_ISA_USAGE = YES_ERROR;
				CLANG_WARN_EMPTY_BODY = YES;
				CLANG_WARN_ENUM_CONVERSION = YES;
				CLANG_WARN_INT_CONVERSION = YES;
				CLANG_WARN_OBJC_ROOT_CLASS = YES_ERROR;
				CLANG_WARN_UNREACHABLE_CODE = YES;
				CLANG_WARN__DUPLICATE_METHOD_MATCH = YES;
				"CODE_SIGN_IDENTITY[sdk=iphoneos*]" = "iPhone Developer";
				COPY_PHASE_STRIP = YES;
				ENABLE_NS_ASSERTIONS = NO;
				ENABLE_STRICT_OBJC_MSGSEND = YES;
				GCC_C_LANGUAGE_STANDARD = gnu99;
				GCC_WARN_64_TO_32_BIT_CONVERSION = YES;
				GCC_WARN_ABOUT_RETURN_TYPE = YES_ERROR;
				GCC_WARN_UNDECLARED_SELECTOR = YES;
				GCC_WARN_UNINITIALIZED_AUTOS = YES_AGGRESSIVE;
				GCC_WARN_UNUSED_FUNCTION = YES;
				GCC_WARN_UNUSED_VARIABLE = YES;
				IPHONEOS_DEPLOYMENT_TARGET = 8.1;
				MTL_ENABLE_DEBUG_INFO = NO;
				SDKROOT = iphoneos;
				TARGETED_DEVICE_FAMILY = "1,2";
				VALIDATE_PRODUCT = YES;
			};
			name = Release;
		};
		047F1D761A52561A00C3A3D9 /* Debug */ = {
			isa = XCBuildConfiguration;
			buildSettings = {
				ASSETCATALOG_COMPILER_APPICON_NAME = AppIcon;
				GCC_PREFIX_HEADER = Tab/PrefixHeader.pch;
				INFOPLIST_FILE = Tab/Info.plist;
				IPHONEOS_DEPLOYMENT_TARGET = 7.1;
				LD_RUNPATH_SEARCH_PATHS = "$(inherited) @executable_path/Frameworks";
				PRODUCT_NAME = "$(TARGET_NAME)";
			};
			name = Debug;
		};
		047F1D771A52561A00C3A3D9 /* Release */ = {
			isa = XCBuildConfiguration;
			buildSettings = {
				ASSETCATALOG_COMPILER_APPICON_NAME = AppIcon;
				GCC_PREFIX_HEADER = Tab/PrefixHeader.pch;
				INFOPLIST_FILE = Tab/Info.plist;
				IPHONEOS_DEPLOYMENT_TARGET = 7.1;
				LD_RUNPATH_SEARCH_PATHS = "$(inherited) @executable_path/Frameworks";
				PRODUCT_NAME = "$(TARGET_NAME)";
			};
			name = Release;
		};
		047F1D791A52561A00C3A3D9 /* Debug */ = {
			isa = XCBuildConfiguration;
			buildSettings = {
				BUNDLE_LOADER = "$(TEST_HOST)";
				FRAMEWORK_SEARCH_PATHS = (
					"$(SDKROOT)/Developer/Library/Frameworks",
					"$(inherited)",
				);
				GCC_PREPROCESSOR_DEFINITIONS = (
					"DEBUG=1",
					"$(inherited)",
				);
				INFOPLIST_FILE = TabTests/Info.plist;
				LD_RUNPATH_SEARCH_PATHS = "$(inherited) @executable_path/Frameworks @loader_path/Frameworks";
				PRODUCT_NAME = "$(TARGET_NAME)";
				TEST_HOST = "$(BUILT_PRODUCTS_DIR)/Tab.app/Tab";
			};
			name = Debug;
		};
		047F1D7A1A52561A00C3A3D9 /* Release */ = {
			isa = XCBuildConfiguration;
			buildSettings = {
				BUNDLE_LOADER = "$(TEST_HOST)";
				FRAMEWORK_SEARCH_PATHS = (
					"$(SDKROOT)/Developer/Library/Frameworks",
					"$(inherited)",
				);
				INFOPLIST_FILE = TabTests/Info.plist;
				LD_RUNPATH_SEARCH_PATHS = "$(inherited) @executable_path/Frameworks @loader_path/Frameworks";
				PRODUCT_NAME = "$(TARGET_NAME)";
				TEST_HOST = "$(BUILT_PRODUCTS_DIR)/Tab.app/Tab";
			};
			name = Release;
		};
/* End XCBuildConfiguration section */

/* Begin XCConfigurationList section */
		047F1D531A52561A00C3A3D9 /* Build configuration list for PBXProject "Tab" */ = {
			isa = XCConfigurationList;
			buildConfigurations = (
				047F1D731A52561A00C3A3D9 /* Debug */,
				047F1D741A52561A00C3A3D9 /* Release */,
			);
			defaultConfigurationIsVisible = 0;
			defaultConfigurationName = Release;
		};
		047F1D751A52561A00C3A3D9 /* Build configuration list for PBXNativeTarget "Tab" */ = {
			isa = XCConfigurationList;
			buildConfigurations = (
				047F1D761A52561A00C3A3D9 /* Debug */,
				047F1D771A52561A00C3A3D9 /* Release */,
			);
			defaultConfigurationIsVisible = 0;
			defaultConfigurationName = Release;
		};
		047F1D781A52561A00C3A3D9 /* Build configuration list for PBXNativeTarget "TabTests" */ = {
			isa = XCConfigurationList;
			buildConfigurations = (
				047F1D791A52561A00C3A3D9 /* Debug */,
				047F1D7A1A52561A00C3A3D9 /* Release */,
			);
			defaultConfigurationIsVisible = 0;
			defaultConfigurationName = Release;
		};
/* End XCConfigurationList section */
	};
	rootObject = 047F1D501A52561A00C3A3D9 /* Project object */;
}
